# This file is automatically @generated by Poetry 1.8.2 and should not be changed by hand.

[[package]]
name = "click"
version = "8.1.7"
description = "Composable command line interface toolkit"
optional = false
python-versions = ">=3.7"
files = [
    {file = "click-8.1.7-py3-none-any.whl", hash = "sha256:ae74fb96c20a0277a1d615f1e4d73c8414f5a98db8b799a7931d1582f3390c28"},
    {file = "click-8.1.7.tar.gz", hash = "sha256:ca9853ad459e787e2192211578cc907e7594e294c7ccc834310722b41b9ca6de"},
]

[package.dependencies]
colorama = {version = "*", markers = "platform_system == \"Windows\""}

[[package]]
name = "colorama"
version = "0.4.6"
description = "Cross-platform colored terminal text."
optional = false
python-versions = "!=3.0.*,!=3.1.*,!=3.2.*,!=3.3.*,!=3.4.*,!=3.5.*,!=3.6.*,>=2.7"
files = [
    {file = "colorama-0.4.6-py2.py3-none-any.whl", hash = "sha256:4f1d9991f5acc0ca119f9d443620b77f9d6b33703e51011c16baf57afb285fc6"},
    {file = "colorama-0.4.6.tar.gz", hash = "sha256:08695f5cb7ed6e0531a20572697297273c47b8cae5a63ffc6d6ed5c201be6e44"},
]

[[package]]
name = "iniconfig"
version = "2.0.0"
description = "brain-dead simple config-ini parsing"
optional = false
python-versions = ">=3.7"
files = [
    {file = "iniconfig-2.0.0-py3-none-any.whl", hash = "sha256:b6a85871a79d2e3b22d2d1b94ac2824226a63c6b741c88f7ae975f18b6778374"},
    {file = "iniconfig-2.0.0.tar.gz", hash = "sha256:2d91e135bf72d31a410b17c16da610a82cb55f6b0477d1a902134b24a455b8b3"},
]

[[package]]
name = "packaging"
version = "24.1"
description = "Core utilities for Python packages"
optional = false
python-versions = ">=3.8"
files = [
    {file = "packaging-24.1-py3-none-any.whl", hash = "sha256:5b8f2217dbdbd2f7f384c41c628544e6d52f2d0f53c6d0c3ea61aa5d1d7ff124"},
    {file = "packaging-24.1.tar.gz", hash = "sha256:026ed72c8ed3fcce5bf8950572258698927fd1dbda10a5e981cdf0ac37f4f002"},
]

[[package]]
name = "pluggy"
version = "1.5.0"
description = "plugin and hook calling mechanisms for python"
optional = false
python-versions = ">=3.8"
files = [
    {file = "pluggy-1.5.0-py3-none-any.whl", hash = "sha256:44e1ad92c8ca002de6377e165f3e0f1be63266ab4d554740532335b9d75ea669"},
    {file = "pluggy-1.5.0.tar.gz", hash = "sha256:2cffa88e94fdc978c4c574f15f9e59b7f4201d439195c3715ca9e2486f1d0cf1"},
]

[package.extras]
dev = ["pre-commit", "tox"]
testing = ["pytest", "pytest-benchmark"]

[[package]]
name = "pytest"
version = "8.2.2"
description = "pytest: simple powerful testing with Python"
optional = false
python-versions = ">=3.8"
files = [
    {file = "pytest-8.2.2-py3-none-any.whl", hash = "sha256:c434598117762e2bd304e526244f67bf66bbd7b5d6cf22138be51ff661980343"},
    {file = "pytest-8.2.2.tar.gz", hash = "sha256:de4bb8104e201939ccdc688b27a89a7be2079b22e2bd2b07f806b6ba71117977"},
]

[package.dependencies]
colorama = {version = "*", markers = "sys_platform == \"win32\""}
iniconfig = "*"
packaging = "*"
pluggy = ">=1.5,<2.0"

[package.extras]
dev = ["argcomplete", "attrs (>=19.2)", "hypothesis (>=3.56)", "mock", "pygments (>=2.7.2)", "requests", "setuptools", "xmlschema"]

[[package]]
name = "tree-sitter"
version = "0.21.3"
description = "Python bindings for the Tree-Sitter parsing library"
optional = false
python-versions = ">=3.8"
files = [
    {file = "tree-sitter-0.21.3.tar.gz", hash = "sha256:b5de3028921522365aa864d95b3c41926e0ba6a85ee5bd000e10dc49b0766988"},
    {file = "tree_sitter-0.21.3-cp310-cp310-macosx_10_9_x86_64.whl", hash = "sha256:351f302b6615230c9dac9829f0ba20a94362cd658206ca9a7b2d58d73373dfb0"},
    {file = "tree_sitter-0.21.3-cp310-cp310-macosx_11_0_arm64.whl", hash = "sha256:766e79ae1e61271e7fdfecf35b6401ad9b47fc07a0965ad78e7f97fddfdf47a6"},
    {file = "tree_sitter-0.21.3-cp310-cp310-manylinux_2_17_aarch64.manylinux2014_aarch64.whl", hash = "sha256:2c4d3d4d4b44857e87de55302af7f2d051c912c466ef20e8f18158e64df3542a"},
    {file = "tree_sitter-0.21.3-cp310-cp310-manylinux_2_17_x86_64.manylinux2014_x86_64.whl", hash = "sha256:84eedb06615461b9e2847be7c47b9c5f2195d7d66d31b33c0a227eff4e0a0199"},
    {file = "tree_sitter-0.21.3-cp310-cp310-musllinux_1_1_aarch64.whl", hash = "sha256:9d33ea425df8c3d6436926fe2991429d59c335431bf4e3c71e77c17eb508be5a"},
    {file = "tree_sitter-0.21.3-cp310-cp310-musllinux_1_1_x86_64.whl", hash = "sha256:fae1ee0ff6d85e2fd5cd8ceb9fe4af4012220ee1e4cbe813305a316caf7a6f63"},
    {file = "tree_sitter-0.21.3-cp310-cp310-win_amd64.whl", hash = "sha256:bb41be86a987391f9970571aebe005ccd10222f39c25efd15826583c761a37e5"},
    {file = "tree_sitter-0.21.3-cp311-cp311-macosx_10_9_x86_64.whl", hash = "sha256:54b22c3c2aab3e3639a4b255d9df8455da2921d050c4829b6a5663b057f10db5"},
    {file = "tree_sitter-0.21.3-cp311-cp311-macosx_11_0_arm64.whl", hash = "sha256:ab6e88c1e2d5e84ff0f9e5cd83f21b8e5074ad292a2cf19df3ba31d94fbcecd4"},
    {file = "tree_sitter-0.21.3-cp311-cp311-manylinux_2_17_aarch64.manylinux2014_aarch64.whl", hash = "sha256:fc3fd34ed4cd5db445bc448361b5da46a2a781c648328dc5879d768f16a46771"},
    {file = "tree_sitter-0.21.3-cp311-cp311-manylinux_2_17_x86_64.manylinux2014_x86_64.whl", hash = "sha256:fabc7182f6083269ce3cfcad202fe01516aa80df64573b390af6cd853e8444a1"},
    {file = "tree_sitter-0.21.3-cp311-cp311-musllinux_1_1_aarch64.whl", hash = "sha256:4f874c3f7d2a2faf5c91982dc7d88ff2a8f183a21fe475c29bee3009773b0558"},
    {file = "tree_sitter-0.21.3-cp311-cp311-musllinux_1_1_x86_64.whl", hash = "sha256:ee61ee3b7a4eedf9d8f1635c68ba4a6fa8c46929601fc48a907c6cfef0cfbcb2"},
    {file = "tree_sitter-0.21.3-cp311-cp311-win_amd64.whl", hash = "sha256:0b7256c723642de1c05fbb776b27742204a2382e337af22f4d9e279d77df7aa2"},
    {file = "tree_sitter-0.21.3-cp312-cp312-macosx_10_9_x86_64.whl", hash = "sha256:669b3e5a52cb1e37d60c7b16cc2221c76520445bb4f12dd17fd7220217f5abf3"},
    {file = "tree_sitter-0.21.3-cp312-cp312-macosx_11_0_arm64.whl", hash = "sha256:2aa2a5099a9f667730ff26d57533cc893d766667f4d8a9877e76a9e74f48f0d3"},
    {file = "tree_sitter-0.21.3-cp312-cp312-manylinux_2_17_aarch64.manylinux2014_aarch64.whl", hash = "sha256:6a3e06ae2a517cf6f1abb682974f76fa760298e6d5a3ecf2cf140c70f898adf0"},
    {file = "tree_sitter-0.21.3-cp312-cp312-manylinux_2_17_x86_64.manylinux2014_x86_64.whl", hash = "sha256:af992dfe08b4fefcfcdb40548d0d26d5d2e0a0f2d833487372f3728cd0772b48"},
    {file = "tree_sitter-0.21.3-cp312-cp312-musllinux_1_1_aarch64.whl", hash = "sha256:c7cbab1dd9765138505c4a55e2aa857575bac4f1f8a8b0457744a4fefa1288e6"},
    {file = "tree_sitter-0.21.3-cp312-cp312-musllinux_1_1_x86_64.whl", hash = "sha256:e1e66aeb457d1529370fcb0997ae5584c6879e0e662f1b11b2f295ea57e22f54"},
    {file = "tree_sitter-0.21.3-cp312-cp312-win_amd64.whl", hash = "sha256:013c750252dc3bd0e069d82e9658de35ed50eecf31c6586d0de7f942546824c5"},
    {file = "tree_sitter-0.21.3-cp38-cp38-macosx_10_9_x86_64.whl", hash = "sha256:4986a8cb4acebd168474ec2e5db440e59c7888819b3449a43ce8b17ed0331b07"},
    {file = "tree_sitter-0.21.3-cp38-cp38-macosx_11_0_arm64.whl", hash = "sha256:6e217fee2e7be7dbce4496caa3d1c466977d7e81277b677f954d3c90e3272ec2"},
    {file = "tree_sitter-0.21.3-cp38-cp38-manylinux_2_17_aarch64.manylinux2014_aarch64.whl", hash = "sha256:f32a88afff4f2bc0f20632b0a2aa35fa9ae7d518f083409eca253518e0950929"},
    {file = "tree_sitter-0.21.3-cp38-cp38-manylinux_2_17_x86_64.manylinux2014_x86_64.whl", hash = "sha256:f3652ac9e47cdddf213c5d5d6854194469097e62f7181c0a9aa8435449a163a9"},
    {file = "tree_sitter-0.21.3-cp38-cp38-musllinux_1_1_aarch64.whl", hash = "sha256:60b4df3298ff467bc01e2c0f6c2fb43aca088038202304bf8e41edd9fa348f45"},
    {file = "tree_sitter-0.21.3-cp38-cp38-musllinux_1_1_x86_64.whl", hash = "sha256:00e4d0c99dff595398ef5e88a1b1ddd53adb13233fb677c1fd8e497fb2361629"},
    {file = "tree_sitter-0.21.3-cp38-cp38-win_amd64.whl", hash = "sha256:50c91353a26946e4dd6779837ecaf8aa123aafa2d3209f261ab5280daf0962f5"},
    {file = "tree_sitter-0.21.3-cp39-cp39-macosx_10_9_x86_64.whl", hash = "sha256:b17b8648b296ccc21a88d72ca054b809ee82d4b14483e419474e7216240ea278"},
    {file = "tree_sitter-0.21.3-cp39-cp39-macosx_11_0_arm64.whl", hash = "sha256:f2f057fd01d3a95cbce6794c6e9f6db3d376cb3bb14e5b0528d77f0ec21d6478"},
    {file = "tree_sitter-0.21.3-cp39-cp39-manylinux_2_17_aarch64.manylinux2014_aarch64.whl", hash = "sha256:839759de30230ffd60687edbb119b31521d5ac016749358e5285816798bb804a"},
    {file = "tree_sitter-0.21.3-cp39-cp39-manylinux_2_17_x86_64.manylinux2014_x86_64.whl", hash = "sha256:5df40aa29cb7e323898194246df7a03b9676955a0ac1f6bce06bc4903a70b5f7"},
    {file = "tree_sitter-0.21.3-cp39-cp39-musllinux_1_1_aarch64.whl", hash = "sha256:1d9be27dde007b569fa78ff9af5fe40d2532c998add9997a9729e348bb78fa59"},
    {file = "tree_sitter-0.21.3-cp39-cp39-musllinux_1_1_x86_64.whl", hash = "sha256:c4ac87735e6f98fe085244c7c020f0177d13d4c117db72ba041faa980d25d69d"},
    {file = "tree_sitter-0.21.3-cp39-cp39-win_amd64.whl", hash = "sha256:fbbd137f7d9a5309fb4cb82e2c3250ba101b0dd08a8abdce815661e6cf2cbc19"},
]

[[package]]
name = "tree-sitter-languages"
version = "1.10.2"
description = "Binary Python wheels for all tree sitter languages."
optional = false
python-versions = "*"
files = [
    {file = "tree_sitter_languages-1.10.2-cp310-cp310-macosx_10_9_x86_64.whl", hash = "sha256:5580348f0b20233b1d5431fa178ccd3d07423ca4a3275df02a44608fd72344b9"},
    {file = "tree_sitter_languages-1.10.2-cp310-cp310-macosx_11_0_arm64.whl", hash = "sha256:103c7466644486b1e9e03850df46fc6aa12f13ca636c74f173270276220ac80b"},
    {file = "tree_sitter_languages-1.10.2-cp310-cp310-manylinux_2_17_aarch64.manylinux2014_aarch64.whl", hash = "sha256:d13db84511c6f1a7dc40383b66deafa74dabd8b877e3d65ab253f3719eccafd6"},
    {file = "tree_sitter_languages-1.10.2-cp310-cp310-manylinux_2_17_i686.manylinux2014_i686.whl", hash = "sha256:57adfa32be7e465b54aa72f915f6c78a2b66b227df4f656b5d4fbd1ca7a92b3f"},
    {file = "tree_sitter_languages-1.10.2-cp310-cp310-manylinux_2_17_x86_64.manylinux2014_x86_64.whl", hash = "sha256:1c6385e033e460ceb8f33f3f940335f422ef2b763700a04f0089391a68b56153"},
    {file = "tree_sitter_languages-1.10.2-cp310-cp310-musllinux_1_1_aarch64.whl", hash = "sha256:dfa3f38cc5381c5aba01dd7494f59b8a9050e82ff6e06e1233e3a0cbae297e3c"},
    {file = "tree_sitter_languages-1.10.2-cp310-cp310-musllinux_1_1_i686.whl", hash = "sha256:9f195155acf47f8bc5de7cee46ecd07b2f5697f007ba89435b51ef4c0b953ea5"},
    {file = "tree_sitter_languages-1.10.2-cp310-cp310-musllinux_1_1_x86_64.whl", hash = "sha256:2de330e2ac6d7426ca025a3ec0f10d5640c3682c1d0c7702e812dcfb44b58120"},
    {file = "tree_sitter_languages-1.10.2-cp310-cp310-win32.whl", hash = "sha256:c9731cf745f135d9770eeba9bb4e2ff4dabc107b5ae9b8211e919f6b9100ea6d"},
    {file = "tree_sitter_languages-1.10.2-cp310-cp310-win_amd64.whl", hash = "sha256:6dd75851c41d0c3c4987a9b7692d90fa8848706c23115669d8224ffd6571e357"},
    {file = "tree_sitter_languages-1.10.2-cp311-cp311-macosx_10_9_x86_64.whl", hash = "sha256:7eb7d7542b2091c875fe52719209631fca36f8c10fa66970d2c576ae6a1b8289"},
    {file = "tree_sitter_languages-1.10.2-cp311-cp311-macosx_11_0_arm64.whl", hash = "sha256:6b41bcb00974b1c8a1800c7f1bb476a1d15a0463e760ee24872f2d53b08ee424"},
    {file = "tree_sitter_languages-1.10.2-cp311-cp311-manylinux_2_17_aarch64.manylinux2014_aarch64.whl", hash = "sha256:6f370cd7845c6c81df05680d5bd96db8a99d32b56f4728c5d05978911130a853"},
    {file = "tree_sitter_languages-1.10.2-cp311-cp311-manylinux_2_17_i686.manylinux2014_i686.whl", hash = "sha256:a1dc195c88ef4c72607e112a809a69190e096a2e5ebc6201548b3e05fdd169ad"},
    {file = "tree_sitter_languages-1.10.2-cp311-cp311-manylinux_2_17_x86_64.manylinux2014_x86_64.whl", hash = "sha256:9ae34ac314a7170be24998a0f994c1ac80761d8d4bd126af27ee53a023d3b849"},
    {file = "tree_sitter_languages-1.10.2-cp311-cp311-musllinux_1_1_aarch64.whl", hash = "sha256:01b5742d5f5bd675489486b582bd482215880b26dde042c067f8265a6e925d9c"},
    {file = "tree_sitter_languages-1.10.2-cp311-cp311-musllinux_1_1_i686.whl", hash = "sha256:ab1cbc46244d34fd16f21edaa20231b2a57f09f092a06ee3d469f3117e6eb954"},
    {file = "tree_sitter_languages-1.10.2-cp311-cp311-musllinux_1_1_x86_64.whl", hash = "sha256:0b1149e7467a4e92b8a70e6005fe762f880f493cf811fc003554b29f04f5e7c8"},
    {file = "tree_sitter_languages-1.10.2-cp311-cp311-win32.whl", hash = "sha256:049276343962f4696390ee555acc2c1a65873270c66a6cbe5cb0bca83bcdf3c6"},
    {file = "tree_sitter_languages-1.10.2-cp311-cp311-win_amd64.whl", hash = "sha256:7f3fdd468a577f04db3b63454d939e26e360229b53c80361920aa1ebf2cd7491"},
    {file = "tree_sitter_languages-1.10.2-cp312-cp312-macosx_10_9_x86_64.whl", hash = "sha256:c0f4c8b2734c45859edc7fcaaeaab97a074114111b5ba51ab4ec7ed52104763c"},
    {file = "tree_sitter_languages-1.10.2-cp312-cp312-macosx_11_0_arm64.whl", hash = "sha256:eecd3c1244ac3425b7a82ba9125b4ddb45d953bbe61de114c0334fd89b7fe782"},
    {file = "tree_sitter_languages-1.10.2-cp312-cp312-manylinux_2_17_aarch64.manylinux2014_aarch64.whl", hash = "sha256:15db3c8510bc39a80147ee7421bf4782c15c09581c1dc2237ea89cefbd95b846"},
    {file = "tree_sitter_languages-1.10.2-cp312-cp312-manylinux_2_17_i686.manylinux2014_i686.whl", hash = "sha256:92c6487a6feea683154d3e06e6db68c30e0ae749a7ce4ce90b9e4e46b78c85c7"},
    {file = "tree_sitter_languages-1.10.2-cp312-cp312-manylinux_2_17_x86_64.manylinux2014_x86_64.whl", hash = "sha256:6d2f1cd1d1bdd65332f9c2b67d49dcf148cf1ded752851d159ac3e5ee4f4d260"},
    {file = "tree_sitter_languages-1.10.2-cp312-cp312-musllinux_1_1_aarch64.whl", hash = "sha256:976c8039165b8e12f17a01ddee9f4e23ec6e352b165ad29b44d2bf04e2fbe77e"},
    {file = "tree_sitter_languages-1.10.2-cp312-cp312-musllinux_1_1_i686.whl", hash = "sha256:dafbbdf16bf668a580902e1620f4baa1913e79438abcce721a50647564c687b9"},
    {file = "tree_sitter_languages-1.10.2-cp312-cp312-musllinux_1_1_x86_64.whl", hash = "sha256:1aeabd3d60d6d276b73cd8f3739d595b1299d123cc079a317f1a5b3c5461e2ca"},
    {file = "tree_sitter_languages-1.10.2-cp312-cp312-win32.whl", hash = "sha256:fab8ee641914098e8933b87ea3d657bea4dd00723c1ee7038b847b12eeeef4f5"},
    {file = "tree_sitter_languages-1.10.2-cp312-cp312-win_amd64.whl", hash = "sha256:5e606430d736367e5787fa5a7a0c5a1ec9b85eded0b3596bbc0d83532a40810b"},
    {file = "tree_sitter_languages-1.10.2-cp37-cp37m-macosx_10_9_x86_64.whl", hash = "sha256:838d5b48a7ed7a17658721952c77fda4570d2a069f933502653b17e15a9c39c9"},
    {file = "tree_sitter_languages-1.10.2-cp37-cp37m-manylinux_2_17_aarch64.manylinux2014_aarch64.whl", hash = "sha256:987b3c71b1d278c2889e018ee77b8ee05c384e2e3334dec798f8b611c4ab2d1e"},
    {file = "tree_sitter_languages-1.10.2-cp37-cp37m-manylinux_2_17_i686.manylinux2014_i686.whl", hash = "sha256:faa00abcb2c819027df58472da055d22fa7dfcb77c77413d8500c32ebe24d38b"},
    {file = "tree_sitter_languages-1.10.2-cp37-cp37m-manylinux_2_17_x86_64.manylinux2014_x86_64.whl", hash = "sha256:0e102fbbf02322d9201a86a814e79a9734ac80679fdb9682144479044f401a73"},
    {file = "tree_sitter_languages-1.10.2-cp37-cp37m-musllinux_1_1_aarch64.whl", hash = "sha256:8f0b87cf1a7b03174ba18dfd81582be82bfed26803aebfe222bd20e444aba003"},
    {file = "tree_sitter_languages-1.10.2-cp37-cp37m-musllinux_1_1_i686.whl", hash = "sha256:c0f1b9af9cb67f0b942b020da9fdd000aad5e92f2383ae0ba7a330b318d31912"},
    {file = "tree_sitter_languages-1.10.2-cp37-cp37m-musllinux_1_1_x86_64.whl", hash = "sha256:5a4076c921f7a4d31e643843de7dfe040b65b63a238a5aa8d31d93aabe6572aa"},
    {file = "tree_sitter_languages-1.10.2-cp37-cp37m-win32.whl", hash = "sha256:fa6391a3a5d83d32db80815161237b67d70576f090ce5f38339206e917a6f8bd"},
    {file = "tree_sitter_languages-1.10.2-cp37-cp37m-win_amd64.whl", hash = "sha256:55649d3f254585a064121513627cf9788c1cfdadbc5f097f33d5ba750685a4c0"},
    {file = "tree_sitter_languages-1.10.2-cp38-cp38-macosx_10_9_x86_64.whl", hash = "sha256:6f85d1edaa2d22d80d4ea5b6d12b95cf3644017b6c227d0d42854439e02e8893"},
    {file = "tree_sitter_languages-1.10.2-cp38-cp38-macosx_11_0_arm64.whl", hash = "sha256:d78feed4a764ef3141cb54bf00fe94d514d8b6e26e09423e23b4c616fcb7938c"},
    {file = "tree_sitter_languages-1.10.2-cp38-cp38-manylinux_2_17_aarch64.manylinux2014_aarch64.whl", hash = "sha256:da1aca27531f9dd5308637d76643372856f0f65d0d28677d1bcf4211e8ed1ad0"},
    {file = "tree_sitter_languages-1.10.2-cp38-cp38-manylinux_2_17_i686.manylinux2014_i686.whl", hash = "sha256:1031ea440dafb72237437d754eff8940153a3b051e3d18932ac25e75ce060a15"},
    {file = "tree_sitter_languages-1.10.2-cp38-cp38-manylinux_2_17_x86_64.manylinux2014_x86_64.whl", hash = "sha256:99d3249beaef2c9fe558ecc9a97853c260433a849dcc68266d9770d196c2e102"},
    {file = "tree_sitter_languages-1.10.2-cp38-cp38-musllinux_1_1_aarch64.whl", hash = "sha256:59a4450f262a55148fb7e68681522f0c2a2f6b7d89666312a2b32708d8f416e1"},
    {file = "tree_sitter_languages-1.10.2-cp38-cp38-musllinux_1_1_i686.whl", hash = "sha256:ce74eab0e430370d5e15a96b6c6205f93405c177a8b2e71e1526643b2fb9bab1"},
    {file = "tree_sitter_languages-1.10.2-cp38-cp38-musllinux_1_1_x86_64.whl", hash = "sha256:9b4dd2b6b3d24c85dffe33d6c343448869eaf4f41c19ddba662eb5d65d8808f4"},
    {file = "tree_sitter_languages-1.10.2-cp38-cp38-win32.whl", hash = "sha256:92d734fb968fe3927a7596d9f0459f81a8fa7b07e16569476b28e27d0d753348"},
    {file = "tree_sitter_languages-1.10.2-cp38-cp38-win_amd64.whl", hash = "sha256:46a13f7d38f2eeb75f7cf127d1201346093748c270d686131f0cbc50e42870a1"},
    {file = "tree_sitter_languages-1.10.2-cp39-cp39-macosx_10_9_x86_64.whl", hash = "sha256:f8c6a936ae99fdd8857e91f86c11c2f5e507ff30631d141d98132bb7ab2c8638"},
    {file = "tree_sitter_languages-1.10.2-cp39-cp39-macosx_11_0_arm64.whl", hash = "sha256:c283a61423f49cdfa7b5a5dfbb39221e3bd126fca33479cd80749d4d7a6b7349"},
    {file = "tree_sitter_languages-1.10.2-cp39-cp39-manylinux_2_17_aarch64.manylinux2014_aarch64.whl", hash = "sha256:76e60be6bdcff923386a54a5edcb6ff33fc38ab0118636a762024fa2bc98de55"},
    {file = "tree_sitter_languages-1.10.2-cp39-cp39-manylinux_2_17_i686.manylinux2014_i686.whl", hash = "sha256:c00069f9575bd831eabcce2cdfab158dde1ed151e7e5614c2d985ff7d78a7de1"},
    {file = "tree_sitter_languages-1.10.2-cp39-cp39-manylinux_2_17_x86_64.manylinux2014_x86_64.whl", hash = "sha256:475ff53203d8a43ccb19bb322fa2fb200d764001cc037793f1fadd714bb343da"},
    {file = "tree_sitter_languages-1.10.2-cp39-cp39-musllinux_1_1_aarch64.whl", hash = "sha256:26fe7c9c412e4141dea87ea4b3592fd12e385465b5bdab106b0d5125754d4f60"},
    {file = "tree_sitter_languages-1.10.2-cp39-cp39-musllinux_1_1_i686.whl", hash = "sha256:8fed27319957458340f24fe14daad467cd45021da034eef583519f83113a8c5e"},
    {file = "tree_sitter_languages-1.10.2-cp39-cp39-musllinux_1_1_x86_64.whl", hash = "sha256:3657a491a7f96cc75a3568ddd062d25f3be82b6a942c68801a7b226ff7130181"},
    {file = "tree_sitter_languages-1.10.2-cp39-cp39-win32.whl", hash = "sha256:33f7d584d01a7a3c893072f34cfc64ec031f3cfe57eebc32da2f8ac046e101a7"},
    {file = "tree_sitter_languages-1.10.2-cp39-cp39-win_amd64.whl", hash = "sha256:1b944af3ee729fa70fc8ae82224a9ff597cdb63addea084e0ea2fa2b0ec39bb7"},
]

[package.dependencies]
tree-sitter = "*"

[metadata]
lock-version = "2.0"
python-versions = "^3.12"
content-hash = "4d9da1270e89c95934e789ad9adfc10be36fe7406b08c54826a64b6c4a623ff1"
